
Microsoft Visual Studio Solution File, Format Version 12.00
# Visual Studio Version 17
VisualStudioVersion = 17.10.35122.118
MinimumVisualStudioVersion = 10.0.40219.1
Project("{FAE04EC0-301F-11D3-BF4B-00C04F79EFBC}") = "GraphAPI", "GraphAPI\GraphAPI.csproj", "{ADE3505B-F801-4720-B744-C46462BB224E}"
EndProject
Global
	GlobalSection(SolutionConfigurationPlatforms) = preSolution
		Debug|Any CPU = Debug|Any CPU
		Release|Any CPU = Release|Any CPU
	EndGlobalSection
	GlobalSection(ProjectConfigurationPlatforms) = postSolution
		{ADE3505B-F801-4720-B744-C46462BB224E}.Debug|Any CPU.ActiveCfg = Debug|Any CPU
		{ADE3505B-F801-4720-B744-C46462BB224E}.Debug|Any CPU.Build.0 = Debug|Any CPU
		{ADE3505B-F801-4720-B744-C46462BB224E}.Release|Any CPU.ActiveCfg = Release|Any CPU
		{ADE3505B-F801-4720-B744-C46462BB224E}.Release|Any CPU.Build.0 = Release|Any CPU
	EndGlobalSection
	GlobalSection(SolutionProperties) = preSolution
		HideSolutionNode = FALSE
	EndGlobalSection
	GlobalSection(ExtensibilityGlobals) = postSolution
		SolutionGuid = {5D51333B-7794-4D67-B98F-89EE1C6194A2}
	EndGlobalSection
EndGlobal
